
Microsoft Visual Studio Solution File, Format Version 12.00
# Visual Studio Version 17
VisualStudioVersion = 17.11.35327.3
MinimumVisualStudioVersion = 10.0.40219.1
Project("{FAE04EC0-301F-11D3-BF4B-00C04F79EFBC}") = "GhostDesktop", "GhostDesktop.csproj", "{366F28DF-05BF-4C45-BE03-027FDCD735D0}"
EndProject
Global
	GlobalSection(SolutionConfigurationPlatforms) = preSolution
		Debug|Any CPU = Debug|Any CPU
		Release|Any CPU = Release|Any CPU
	EndGlobalSection
	GlobalSection(ProjectConfigurationPlatforms) = postSolution
		{366F28DF-05BF-4C45-BE03-027FDCD735D0}.Debug|Any CPU.ActiveCfg = Debug|Any CPU
		{366F28DF-05BF-4C45-BE03-027FDCD735D0}.Debug|Any CPU.Build.0 = Debug|Any CPU
		{366F28DF-05BF-4C45-BE03-027FDCD735D0}.Release|Any CPU.ActiveCfg = Release|Any CPU
		{366F28DF-05BF-4C45-BE03-027FDCD735D0}.Release|Any CPU.Build.0 = Release|Any CPU
	EndGlobalSection
	GlobalSection(SolutionProperties) = preSolution
		HideSolutionNode = FALSE
	EndGlobalSection
	GlobalSection(ExtensibilityGlobals) = postSolution
		SolutionGuid = {7BD1114E-C54B-4EDF-B4AF-B722DA3F13FB}
	EndGlobalSection
EndGlobal
